
Microsoft Visual Studio Solution File, Format Version 12.00
# Visual Studio 15
VisualStudioVersion = 15.0.27703.2000
MinimumVisualStudioVersion = 10.0.40219.1
Project("{FAE04EC0-301F-11D3-BF4B-00C04F79EFBC}") = "Lab_28", "Lab_28\Lab_28.csproj", "{76213665-3B89-4A69-BB26-1D8F92466317}"
EndProject
Project("{2150E333-8FDC-42A3-9474-1A3956D46DE8}") = "Solution Items", "Solution Items", "{F22B14B4-BF36-4C27-B17A-54B0BD75FE8C}"
	ProjectSection(SolutionItems) = preProject
		.gitattributes = .gitattributes
		.gitignore = .gitignore
	EndProjectSection
EndProject
Global
	GlobalSection(SolutionConfigurationPlatforms) = preSolution
		Debug|Any CPU = Debug|Any CPU
		Release|Any CPU = Release|Any CPU
	EndGlobalSection
	GlobalSection(ProjectConfigurationPlatforms) = postSolution
		{76213665-3B89-4A69-BB26-1D8F92466317}.Debug|Any CPU.ActiveCfg = Debug|Any CPU
		{76213665-3B89-4A69-BB26-1D8F92466317}.Debug|Any CPU.Build.0 = Debug|Any CPU
		{76213665-3B89-4A69-BB26-1D8F92466317}.Release|Any CPU.ActiveCfg = Release|Any CPU
		{76213665-3B89-4A69-BB26-1D8F92466317}.Release|Any CPU.Build.0 = Release|Any CPU
	EndGlobalSection
	GlobalSection(SolutionProperties) = preSolution
		HideSolutionNode = FALSE
	EndGlobalSection
	GlobalSection(ExtensibilityGlobals) = postSolution
		SolutionGuid = {69646F96-3F67-4802-8F33-7A6CC5F54532}
	EndGlobalSection
EndGlobal
